// !$*UTF8*$!
{
	archiveVersion = 1;
	classes = {
	};
	objectVersion = 45;
	objects = {

/* Begin PBXBuildFile section */
		8DD76FAC0486AB0100D96B5E /* main_Pascals_Triangle.c in Sources */ = {isa = PBXBuildFile; fileRef = 08FB7796FE84155DC02AAC07 /* main_Pascals_Triangle.c */; settings = {ATTRIBUTES = (); }; };
		8DD76FB00486AB0100D96B5E /* Pascals_Triangle.1 in CopyFiles */ = {isa = PBXBuildFile; fileRef = C6A0FF2C0290799A04C91782 /* Pascals_Triangle.1 */; };
		A5B50BFD15A0A31C00B7FDF9 /* libfactorial.h in Headers */ = {isa = PBXBuildFile; fileRef = A5B50BE3159FE84D00B7FDF9 /* libfactorial.h */; };
		A5B50BFE15A0A32000B7FDF9 /* libfactorial.c in Sources */ = {isa = PBXBuildFile; fileRef = A5B50BE4159FE84D00B7FDF9 /* libfactorial.c */; };
		A5B50BFF15A0A32600B7FDF9 /* libfactorial.h in Sources */ = {isa = PBXBuildFile; fileRef = A5B50BE3159FE84D00B7FDF9 /* libfactorial.h */; };
		A5B50C5115A0A6E600B7FDF9 /* libfactorial.h in Headers */ = {isa = PBXBuildFile; fileRef = A5B50BE3159FE84D00B7FDF9 /* libfactorial.h */; };
		A5B50C5215A0A6E900B7FDF9 /* libfactorial.h in Sources */ = {isa = PBXBuildFile; fileRef = A5B50BE3159FE84D00B7FDF9 /* libfactorial.h */; };
		A5B50C5315A0A6EB00B7FDF9 /* libfactorial.c in Sources */ = {isa = PBXBuildFile; fileRef = A5B50BE4159FE84D00B7FDF9 /* libfactorial.c */; };
		A5F5254615A0D89A00D8CBF3 /* Pascals_Triangle_linked_to_libfactorial.c in Sources */ = {isa = PBXBuildFile; fileRef = A5F5253215A0D7A100D8CBF3 /* Pascals_Triangle_linked_to_libfactorial.c */; };
		A5F5256D15A0D94C00D8CBF3 /* libfactorial.a in Frameworks */ = {isa = PBXBuildFile; fileRef = A5B50BEC15A0A27D00B7FDF9 /* libfactorial.a */; };
		A5F5257015A0D96B00D8CBF3 /* libfactorial.h in Sources */ = {isa = PBXBuildFile; fileRef = A5B50BE3159FE84D00B7FDF9 /* libfactorial.h */; };
/* End PBXBuildFile section */

/* Begin PBXContainerItemProxy section */
		A5F5254915A0D8DF00D8CBF3 /* PBXContainerItemProxy */ = {
			isa = PBXContainerItemProxy;
			containerPortal = 08FB7793FE84155DC02AAC07 /* Project object */;
			proxyType = 1;
			remoteGlobalIDString = A5B50C4A15A0A6A800B7FDF9 /* libfactorial_dynamic */;
			remoteInfo = libfactorial_dynamic;
		};
		A5F5256A15A0D94100D8CBF3 /* PBXContainerItemProxy */ = {
			isa = PBXContainerItemProxy;
			containerPortal = 08FB7793FE84155DC02AAC07 /* Project object */;
			proxyType = 1;
			remoteGlobalIDString = A5B50BEB15A0A27D00B7FDF9 /* libfactorial_static */;
			remoteInfo = libfactorial_static;
		};
/* End PBXContainerItemProxy section */

/* Begin PBXCopyFilesBuildPhase section */
		8DD76FAF0486AB0100D96B5E /* CopyFiles */ = {
			isa = PBXCopyFilesBuildPhase;
			buildActionMask = 8;
			dstPath = /usr/share/man/man1/;
			dstSubfolderSpec = 0;
			files = (
				8DD76FB00486AB0100D96B5E /* Pascals_Triangle.1 in CopyFiles */,
			);
			runOnlyForDeploymentPostprocessing = 1;
		};
/* End PBXCopyFilesBuildPhase section */

/* Begin PBXFileReference section */
		08FB7796FE84155DC02AAC07 /* main_Pascals_Triangle.c */ = {isa = PBXFileReference; fileEncoding = 4; lastKnownFileType = sourcecode.c.c; path = main_Pascals_Triangle.c; sourceTree = "<group>"; };
		8DD76FB20486AB0100D96B5E /* Pascals_Triangle */ = {isa = PBXFileReference; explicitFileType = "compiled.mach-o.executable"; includeInIndex = 0; path = Pascals_Triangle; sourceTree = BUILT_PRODUCTS_DIR; };
		A5B50BE3159FE84D00B7FDF9 /* libfactorial.h */ = {isa = PBXFileReference; fileEncoding = 4; lastKnownFileType = sourcecode.c.h; path = libfactorial.h; sourceTree = "<group>"; };
		A5B50BE4159FE84D00B7FDF9 /* libfactorial.c */ = {isa = PBXFileReference; fileEncoding = 4; lastKnownFileType = sourcecode.c.c; path = libfactorial.c; sourceTree = "<group>"; };
		A5B50BEC15A0A27D00B7FDF9 /* libfactorial.a */ = {isa = PBXFileReference; explicitFileType = archive.ar; includeInIndex = 0; path = libfactorial.a; sourceTree = BUILT_PRODUCTS_DIR; };
		A5B50C2515A0A59900B7FDF9 /* stdlib.h */ = {isa = PBXFileReference; fileEncoding = 4; lastKnownFileType = sourcecode.c.h; path = stdlib.h; sourceTree = "<group>"; };
		A5B50C4B15A0A6A800B7FDF9 /* libfactorial.dylib */ = {isa = PBXFileReference; explicitFileType = "compiled.mach-o.dylib"; includeInIndex = 0; path = libfactorial.dylib; sourceTree = BUILT_PRODUCTS_DIR; };
		A5F5253215A0D7A100D8CBF3 /* Pascals_Triangle_linked_to_libfactorial.c */ = {isa = PBXFileReference; fileEncoding = 4; lastKnownFileType = sourcecode.c.c; path = Pascals_Triangle_linked_to_libfactorial.c; sourceTree = "<group>"; };
		A5F5253915A0D84800D8CBF3 /* Pascals_Triangle_linked */ = {isa = PBXFileReference; explicitFileType = "compiled.mach-o.executable"; includeInIndex = 0; path = Pascals_Triangle_linked; sourceTree = BUILT_PRODUCTS_DIR; };
		C6A0FF2C0290799A04C91782 /* Pascals_Triangle.1 */ = {isa = PBXFileReference; lastKnownFileType = text.man; path = Pascals_Triangle.1; sourceTree = "<group>"; };
/* End PBXFileReference section */

/* Begin PBXFrameworksBuildPhase section */
		8DD76FAD0486AB0100D96B5E /* Frameworks */ = {
			isa = PBXFrameworksBuildPhase;
			buildActionMask = 2147483647;
			files = (
			);
			runOnlyForDeploymentPostprocessing = 0;
		};
		A5B50BEA15A0A27D00B7FDF9 /* Frameworks */ = {
			isa = PBXFrameworksBuildPhase;
			buildActionMask = 2147483647;
			files = (
			);
			runOnlyForDeploymentPostprocessing = 0;
		};
		A5B50C4915A0A6A800B7FDF9 /* Frameworks */ = {
			isa = PBXFrameworksBuildPhase;
			buildActionMask = 2147483647;
			files = (
			);
			runOnlyForDeploymentPostprocessing = 0;
		};
		A5F5253715A0D84800D8CBF3 /* Frameworks */ = {
			isa = PBXFrameworksBuildPhase;
			buildActionMask = 2147483647;
			files = (
				A5F5256D15A0D94C00D8CBF3 /* libfactorial.a in Frameworks */,
			);
			runOnlyForDeploymentPostprocessing = 0;
		};
/* End PBXFrameworksBuildPhase section */

/* Begin PBXGroup section */
		08FB7794FE84155DC02AAC07 /* Pascals_Triangle */ = {
			isa = PBXGroup;
			children = (
				08FB7795FE84155DC02AAC07 /* Source */,
				C6A0FF2B0290797F04C91782 /* Documentation */,
				1AB674ADFE9D54B511CA2CBB /* Products */,
				A5F5253215A0D7A100D8CBF3 /* Pascals_Triangle_linked_to_libfactorial.c */,
			);
			name = Pascals_Triangle;
			sourceTree = "<group>";
		};
		08FB7795FE84155DC02AAC07 /* Source */ = {
			isa = PBXGroup;
			children = (
				A5B50BFC15A0A30A00B7FDF9 /* libfactorial */,
				08FB7796FE84155DC02AAC07 /* main_Pascals_Triangle.c */,
			);
			name = Source;
			sourceTree = "<group>";
		};
		1AB674ADFE9D54B511CA2CBB /* Products */ = {
			isa = PBXGroup;
			children = (
				8DD76FB20486AB0100D96B5E /* Pascals_Triangle */,
				A5B50BEC15A0A27D00B7FDF9 /* libfactorial.a */,
				A5B50C4B15A0A6A800B7FDF9 /* libfactorial.dylib */,
				A5F5253915A0D84800D8CBF3 /* Pascals_Triangle_linked */,
			);
			name = Products;
			sourceTree = "<group>";
		};
		A5B50BFC15A0A30A00B7FDF9 /* libfactorial */ = {
			isa = PBXGroup;
			children = (
				A5B50C2515A0A59900B7FDF9 /* stdlib.h */,
				A5B50BE3159FE84D00B7FDF9 /* libfactorial.h */,
				A5B50BE4159FE84D00B7FDF9 /* libfactorial.c */,
			);
			name = libfactorial;
			sourceTree = "<group>";
		};
		C6A0FF2B0290797F04C91782 /* Documentation */ = {
			isa = PBXGroup;
			children = (
				C6A0FF2C0290799A04C91782 /* Pascals_Triangle.1 */,
			);
			name = Documentation;
			sourceTree = "<group>";
		};
/* End PBXGroup section */

/* Begin PBXHeadersBuildPhase section */
		A5B50BE815A0A27D00B7FDF9 /* Headers */ = {
			isa = PBXHeadersBuildPhase;
			buildActionMask = 2147483647;
			files = (
				A5B50BFD15A0A31C00B7FDF9 /* libfactorial.h in Headers */,
			);
			runOnlyForDeploymentPostprocessing = 0;
		};
		A5B50C4715A0A6A800B7FDF9 /* Headers */ = {
			isa = PBXHeadersBuildPhase;
			buildActionMask = 2147483647;
			files = (
				A5B50C5115A0A6E600B7FDF9 /* libfactorial.h in Headers */,
			);
			runOnlyForDeploymentPostprocessing = 0;
		};
/* End PBXHeadersBuildPhase section */

/* Begin PBXNativeTarget section */
		8DD76FA90486AB0100D96B5E /* Pascals_Triangle */ = {
			isa = PBXNativeTarget;
			buildConfigurationList = 1DEB928508733DD80010E9CD /* Build configuration list for PBXNativeTarget "Pascals_Triangle" */;
			buildPhases = (
				8DD76FAB0486AB0100D96B5E /* Sources */,
				8DD76FAD0486AB0100D96B5E /* Frameworks */,
				8DD76FAF0486AB0100D96B5E /* CopyFiles */,
			);
			buildRules = (
			);
			dependencies = (
			);
			name = Pascals_Triangle;
			productInstallPath = "$(HOME)/bin";
			productName = Pascals_Triangle;
			productReference = 8DD76FB20486AB0100D96B5E /* Pascals_Triangle */;
			productType = "com.apple.product-type.tool";
		};
		A5B50BEB15A0A27D00B7FDF9 /* libfactorial_static */ = {
			isa = PBXNativeTarget;
			buildConfigurationList = A5B50BF915A0A28500B7FDF9 /* Build configuration list for PBXNativeTarget "libfactorial_static" */;
			buildPhases = (
				A5B50BE815A0A27D00B7FDF9 /* Headers */,
				A5B50BE915A0A27D00B7FDF9 /* Sources */,
				A5B50BEA15A0A27D00B7FDF9 /* Frameworks */,
			);
			buildRules = (
			);
			dependencies = (
			);
			name = libfactorial_static;
			productName = libfactorial_static;
			productReference = A5B50BEC15A0A27D00B7FDF9 /* libfactorial.a */;
			productType = "com.apple.product-type.library.static";
		};
		A5B50C4A15A0A6A800B7FDF9 /* libfactorial_dynamic */ = {
			isa = PBXNativeTarget;
			buildConfigurationList = A5B50C5015A0A6DD00B7FDF9 /* Build configuration list for PBXNativeTarget "libfactorial_dynamic" */;
			buildPhases = (
				A5B50C4715A0A6A800B7FDF9 /* Headers */,
				A5B50C4815A0A6A800B7FDF9 /* Sources */,
				A5B50C4915A0A6A800B7FDF9 /* Frameworks */,
			);
			buildRules = (
			);
			dependencies = (
			);
			name = libfactorial_dynamic;
			productName = libfactorial_dynamic;
			productReference = A5B50C4B15A0A6A800B7FDF9 /* libfactorial.dylib */;
			productType = "com.apple.product-type.library.dynamic";
		};
		A5F5253815A0D84800D8CBF3 /* Pascals_Triangle_linked */ = {
			isa = PBXNativeTarget;
			buildConfigurationList = A5F5254415A0D84D00D8CBF3 /* Build configuration list for PBXNativeTarget "Pascals_Triangle_linked" */;
			buildPhases = (
				A5F5253715A0D84800D8CBF3 /* Frameworks */,
				A5F5253615A0D84800D8CBF3 /* Sources */,
			);
			buildRules = (
			);
			dependencies = (
				A5F5254A15A0D8DF00D8CBF3 /* PBXTargetDependency */,
				A5F5256B15A0D94100D8CBF3 /* PBXTargetDependency */,
			);
			name = Pascals_Triangle_linked;
			productName = Pascals_Triangle_linked;
			productReference = A5F5253915A0D84800D8CBF3 /* Pascals_Triangle_linked */;
			productType = "com.apple.product-type.tool";
		};
/* End PBXNativeTarget section */

/* Begin PBXProject section */
		08FB7793FE84155DC02AAC07 /* Project object */ = {
			isa = PBXProject;
			buildConfigurationList = 1DEB928908733DD80010E9CD /* Build configuration list for PBXProject "Pascals_Triangle" */;
			compatibilityVersion = "Xcode 3.1";
			developmentRegion = English;
			hasScannedForEncodings = 1;
			knownRegions = (
				English,
				Japanese,
				French,
				German,
			);
			mainGroup = 08FB7794FE84155DC02AAC07 /* Pascals_Triangle */;
			projectDirPath = "";
			projectRoot = "";
			targets = (
				8DD76FA90486AB0100D96B5E /* Pascals_Triangle */,
				A5B50BEB15A0A27D00B7FDF9 /* libfactorial_static */,
				A5B50C4A15A0A6A800B7FDF9 /* libfactorial_dynamic */,
				A5F5253815A0D84800D8CBF3 /* Pascals_Triangle_linked */,
			);
		};
/* End PBXProject section */

/* Begin PBXSourcesBuildPhase section */
		8DD76FAB0486AB0100D96B5E /* Sources */ = {
			isa = PBXSourcesBuildPhase;
			buildActionMask = 2147483647;
			files = (
				8DD76FAC0486AB0100D96B5E /* main_Pascals_Triangle.c in Sources */,
			);
			runOnlyForDeploymentPostprocessing = 0;
		};
		A5B50BE915A0A27D00B7FDF9 /* Sources */ = {
			isa = PBXSourcesBuildPhase;
			buildActionMask = 2147483647;
			files = (
				A5B50BFF15A0A32600B7FDF9 /* libfactorial.h in Sources */,
				A5B50BFE15A0A32000B7FDF9 /* libfactorial.c in Sources */,
			);
			runOnlyForDeploymentPostprocessing = 0;
		};
		A5B50C4815A0A6A800B7FDF9 /* Sources */ = {
			isa = PBXSourcesBuildPhase;
			buildActionMask = 2147483647;
			files = (
				A5B50C5215A0A6E900B7FDF9 /* libfactorial.h in Sources */,
				A5B50C5315A0A6EB00B7FDF9 /* libfactorial.c in Sources */,
			);
			runOnlyForDeploymentPostprocessing = 0;
		};
		A5F5253615A0D84800D8CBF3 /* Sources */ = {
			isa = PBXSourcesBuildPhase;
			buildActionMask = 2147483647;
			files = (
				A5F5257015A0D96B00D8CBF3 /* libfactorial.h in Sources */,
				A5F5254615A0D89A00D8CBF3 /* Pascals_Triangle_linked_to_libfactorial.c in Sources */,
			);
			runOnlyForDeploymentPostprocessing = 0;
		};
/* End PBXSourcesBuildPhase section */

/* Begin PBXTargetDependency section */
		A5F5254A15A0D8DF00D8CBF3 /* PBXTargetDependency */ = {
			isa = PBXTargetDependency;
			target = A5B50C4A15A0A6A800B7FDF9 /* libfactorial_dynamic */;
			targetProxy = A5F5254915A0D8DF00D8CBF3 /* PBXContainerItemProxy */;
		};
		A5F5256B15A0D94100D8CBF3 /* PBXTargetDependency */ = {
			isa = PBXTargetDependency;
			target = A5B50BEB15A0A27D00B7FDF9 /* libfactorial_static */;
			targetProxy = A5F5256A15A0D94100D8CBF3 /* PBXContainerItemProxy */;
		};
/* End PBXTargetDependency section */

/* Begin XCBuildConfiguration section */
		1DEB928608733DD80010E9CD /* Debug */ = {
			isa = XCBuildConfiguration;
			buildSettings = {
				ALWAYS_SEARCH_USER_PATHS = NO;
				COPY_PHASE_STRIP = NO;
				GCC_DYNAMIC_NO_PIC = NO;
				GCC_ENABLE_FIX_AND_CONTINUE = YES;
				GCC_MODEL_TUNING = G5;
				GCC_OPTIMIZATION_LEVEL = 0;
				INSTALL_PATH = /usr/local/bin;
				PRODUCT_NAME = Pascals_Triangle;
			};
			name = Debug;
		};
		1DEB928708733DD80010E9CD /* Release */ = {
			isa = XCBuildConfiguration;
			buildSettings = {
				ALWAYS_SEARCH_USER_PATHS = NO;
				DEBUG_INFORMATION_FORMAT = "dwarf-with-dsym";
				GCC_MODEL_TUNING = G5;
				INSTALL_PATH = /usr/local/bin;
				PRODUCT_NAME = Pascals_Triangle;
			};
			name = Release;
		};
		1DEB928A08733DD80010E9CD /* Debug */ = {
			isa = XCBuildConfiguration;
			buildSettings = {
				ARCHS = "$(ARCHS_STANDARD_32_64_BIT)";
				DEBUG_INFORMATION_FORMAT = "dwarf-with-dsym";
				ENABLE_OPENMP_SUPPORT = YES;
				GCC_ALTIVEC_EXTENSIONS = YES;
				GCC_AUTO_VECTORIZATION = YES;
				GCC_C_LANGUAGE_STANDARD = gnu99;
				GCC_DYNAMIC_NO_PIC = YES;
				GCC_ENABLE_EXCEPTIONS = YES;
				GCC_ENABLE_FIX_AND_CONTINUE = YES;
				GCC_ENABLE_OBJC_GC = supported;
				GCC_ENABLE_SSE3_EXTENSIONS = YES;
				GCC_ENABLE_SSE41_EXTENSIONS = YES;
				GCC_ENABLE_SSE42_EXTENSIONS = YES;
				GCC_ENABLE_SUPPLEMENTAL_SSE3_INSTRUCTIONS = YES;
				GCC_GENERATE_TEST_COVERAGE_FILES = YES;
				GCC_MODEL_PPC64 = YES;
				GCC_OPTIMIZATION_LEVEL = s;
				GCC_STRICT_ALIASING = YES;
				GCC_WARN_64_TO_32_BIT_CONVERSION = YES;
				GCC_WARN_ABOUT_GLOBAL_CONSTRUCTORS = YES;
				GCC_WARN_ABOUT_MISSING_FIELD_INITIALIZERS = YES;
				GCC_WARN_ABOUT_MISSING_NEWLINE = YES;
				GCC_WARN_ABOUT_MISSING_PROTOTYPES = YES;
				GCC_WARN_ABOUT_RETURN_TYPE = YES;
				GCC_WARN_CHECK_SWITCH_STATEMENTS = YES;
				GCC_WARN_EFFECTIVE_CPLUSPLUS_VIOLATIONS = YES;
				GCC_WARN_FOUR_CHARACTER_CONSTANTS = YES;
				GCC_WARN_HIDDEN_VIRTUAL_FUNCTIONS = YES;
				GCC_WARN_INITIALIZER_NOT_FULLY_BRACKETED = YES;
				GCC_WARN_MISSING_PARENTHESES = YES;
				GCC_WARN_MULTIPLE_DEFINITION_TYPES_FOR_SELECTOR = YES;
				GCC_WARN_NON_VIRTUAL_DESTRUCTOR = YES;
				GCC_WARN_PEDANTIC = YES;
				GCC_WARN_PROTOTYPE_CONVERSION = YES;
				GCC_WARN_SHADOW = YES;
				GCC_WARN_SIGN_COMPARE = YES;
				GCC_WARN_STRICT_SELECTOR_MATCH = YES;
				GCC_WARN_UNDECLARED_SELECTOR = YES;
				GCC_WARN_UNINITIALIZED_AUTOS = YES;
				GCC_WARN_UNKNOWN_PRAGMAS = YES;
				GCC_WARN_UNUSED_FUNCTION = YES;
				GCC_WARN_UNUSED_LABEL = YES;
				GCC_WARN_UNUSED_PARAMETER = YES;
				GCC_WARN_UNUSED_VALUE = YES;
				GCC_WARN_UNUSED_VARIABLE = YES;
				GENERATE_PKGINFO_FILE = YES;
				GENERATE_PROFILING_CODE = YES;
				LD_GENERATE_MAP_FILE = YES;
				MACH_O_TYPE = mh_execute;
				ONLY_ACTIVE_ARCH = YES;
				OTHER_CFLAGS = "-fnested-functions";
				PREBINDING = NO;
				RUN_CLANG_STATIC_ANALYZER = YES;
				SCAN_ALL_SOURCE_FILES_FOR_INCLUDES = YES;
				SDKROOT = macosx10.6;
				VALIDATE_PRODUCT = YES;
				WARNING_CFLAGS = "-O";
			};
			name = Debug;
		};
		1DEB928B08733DD80010E9CD /* Release */ = {
			isa = XCBuildConfiguration;
			buildSettings = {
				ARCHS = "$(ARCHS_STANDARD_32_64_BIT)";
				GCC_C_LANGUAGE_STANDARD = gnu99;
				GCC_WARN_ABOUT_RETURN_TYPE = YES;
				GCC_WARN_UNUSED_VARIABLE = YES;
				PREBINDING = NO;
				SDKROOT = macosx10.6;
			};
			name = Release;
		};
		A5B50BED15A0A28400B7FDF9 /* Debug */ = {
			isa = XCBuildConfiguration;
			buildSettings = {
				ALWAYS_SEARCH_USER_PATHS = NO;
				COPY_PHASE_STRIP = NO;
				GCC_DYNAMIC_NO_PIC = NO;
				GCC_ENABLE_FIX_AND_CONTINUE = YES;
				GCC_MODEL_TUNING = G5;
				GCC_OPTIMIZATION_LEVEL = s;
				INSTALL_PATH = /usr/local/lib;
				MACH_O_TYPE = staticlib;
				PREBINDING = NO;
				PRODUCT_NAME = factorial;
			};
			name = Debug;
		};
		A5B50BEE15A0A28400B7FDF9 /* Release */ = {
			isa = XCBuildConfiguration;
			buildSettings = {
				ALWAYS_SEARCH_USER_PATHS = NO;
				COPY_PHASE_STRIP = YES;
				DEBUG_INFORMATION_FORMAT = "dwarf-with-dsym";
				GCC_ENABLE_FIX_AND_CONTINUE = NO;
				GCC_MODEL_TUNING = G5;
				INSTALL_PATH = /usr/local/lib;
				PREBINDING = NO;
				PRODUCT_NAME = libfactorial_static;
				ZERO_LINK = NO;
			};
			name = Release;
		};
		A5B50C4D15A0A6A900B7FDF9 /* Debug */ = {
			isa = XCBuildConfiguration;
			buildSettings = {
				ALWAYS_SEARCH_USER_PATHS = NO;
				COPY_PHASE_STRIP = NO;
				EXECUTABLE_PREFIX = lib;
				GCC_DYNAMIC_NO_PIC = NO;
				GCC_ENABLE_FIX_AND_CONTINUE = YES;
				GCC_MODEL_TUNING = G5;
				GCC_OPTIMIZATION_LEVEL = 0;
				INSTALL_PATH = /usr/local/lib;
				MACH_O_TYPE = mh_dylib;
				PREBINDING = NO;
				PRODUCT_NAME = factorial;
			};
			name = Debug;
		};
		A5B50C4E15A0A6A900B7FDF9 /* Release */ = {
			isa = XCBuildConfiguration;
			buildSettings = {
				ALWAYS_SEARCH_USER_PATHS = NO;
				COPY_PHASE_STRIP = YES;
				DEBUG_INFORMATION_FORMAT = "dwarf-with-dsym";
				EXECUTABLE_PREFIX = lib;
				GCC_ENABLE_FIX_AND_CONTINUE = NO;
				GCC_MODEL_TUNING = G5;
				INSTALL_PATH = /usr/local/lib;
				PREBINDING = NO;
				PRODUCT_NAME = libfactorial_dynamic;
				ZERO_LINK = NO;
			};
			name = Release;
		};
		A5F5253B15A0D84C00D8CBF3 /* Debug */ = {
			isa = XCBuildConfiguration;
			buildSettings = {
				ALWAYS_SEARCH_USER_PATHS = NO;
				COPY_PHASE_STRIP = NO;
				GCC_DYNAMIC_NO_PIC = NO;
				GCC_ENABLE_FIX_AND_CONTINUE = YES;
				GCC_MODEL_TUNING = G5;
				GCC_OPTIMIZATION_LEVEL = 0;
				INSTALL_PATH = /usr/local/bin;
				PREBINDING = NO;
				PRODUCT_NAME = Pascals_Triangle_linked;
			};
			name = Debug;
		};
		A5F5253C15A0D84C00D8CBF3 /* Release */ = {
			isa = XCBuildConfiguration;
			buildSettings = {
				ALWAYS_SEARCH_USER_PATHS = NO;
				COPY_PHASE_STRIP = YES;
				DEBUG_INFORMATION_FORMAT = "dwarf-with-dsym";
				GCC_ENABLE_FIX_AND_CONTINUE = NO;
				GCC_MODEL_TUNING = G5;
				INSTALL_PATH = /usr/local/bin;
				PREBINDING = NO;
				PRODUCT_NAME = Pascals_Triangle_linked;
				ZERO_LINK = NO;
			};
			name = Release;
		};
/* End XCBuildConfiguration section */

/* Begin XCConfigurationList section */
		1DEB928508733DD80010E9CD /* Build configuration list for PBXNativeTarget "Pascals_Triangle" */ = {
			isa = XCConfigurationList;
			buildConfigurations = (
				1DEB928608733DD80010E9CD /* Debug */,
				1DEB928708733DD80010E9CD /* Release */,
			);
			defaultConfigurationIsVisible = 0;
			defaultConfigurationName = Release;
		};
		1DEB928908733DD80010E9CD /* Build configuration list for PBXProject "Pascals_Triangle" */ = {
			isa = XCConfigurationList;
			buildConfigurations = (
				1DEB928A08733DD80010E9CD /* Debug */,
				1DEB928B08733DD80010E9CD /* Release */,
			);
			defaultConfigurationIsVisible = 0;
			defaultConfigurationName = Release;
		};
		A5B50BF915A0A28500B7FDF9 /* Build configuration list for PBXNativeTarget "libfactorial_static" */ = {
			isa = XCConfigurationList;
			buildConfigurations = (
				A5B50BED15A0A28400B7FDF9 /* Debug */,
				A5B50BEE15A0A28400B7FDF9 /* Release */,
			);
			defaultConfigurationIsVisible = 0;
			defaultConfigurationName = Release;
		};
		A5B50C5015A0A6DD00B7FDF9 /* Build configuration list for PBXNativeTarget "libfactorial_dynamic" */ = {
			isa = XCConfigurationList;
			buildConfigurations = (
				A5B50C4D15A0A6A900B7FDF9 /* Debug */,
				A5B50C4E15A0A6A900B7FDF9 /* Release */,
			);
			defaultConfigurationIsVisible = 0;
			defaultConfigurationName = Release;
		};
		A5F5254415A0D84D00D8CBF3 /* Build configuration list for PBXNativeTarget "Pascals_Triangle_linked" */ = {
			isa = XCConfigurationList;
			buildConfigurations = (
				A5F5253B15A0D84C00D8CBF3 /* Debug */,
				A5F5253C15A0D84C00D8CBF3 /* Release */,
			);
			defaultConfigurationIsVisible = 0;
			defaultConfigurationName = Release;
		};
/* End XCConfigurationList section */
	};
	rootObject = 08FB7793FE84155DC02AAC07 /* Project object */;
}
